Microsoft Visual Studio Solution File, Format Version 12.00
# Visual Studio Version 17
VisualStudioVersion = 17.3.32929.385
MinimumVisualStudioVersion = 10.0.40219.1
Project("{2150E333-8FDC-42A3-9474-1A3956D46DE8}") = "Samples", "Samples", "{E2BF43DD-5550-414E-9F01-7F7E5492CCB1}"
EndProject
Project("{9A19103F-16F7-4668-BE54-9A1E7A4F7556}") = "GitHubApiStatus", "src\GitHubApiStatus\GitHubApiStatus.csproj", "{81D2DA42-62DB-418D-ADF2-3B5A1D0EB71A}"
EndProject
Project("{9A19103F-16F7-4668-BE54-9A1E7A4F7556}") = "GitHubApiStatus.UnitTests", "src\GitHubApiStatus.UnitTests\GitHubApiStatus.UnitTests.csproj", "{9A30833A-01C9-44ED-B8E2-032A4846574F}"
EndProject
Project("{2150E333-8FDC-42A3-9474-1A3956D46DE8}") = "Mobile", "Mobile", "{A52818B8-0C2C-49C5-9389-D8790237ADCE}"
EndProject
Project("{2150E333-8FDC-42A3-9474-1A3956D46DE8}") = "Console", "Console", "{1D178B33-C69B-47E7-AF90-B460B34BCC37}"
EndProject
Project("{9A19103F-16F7-4668-BE54-9A1E7A4F7556}") = "GitStatus.ConsoleApp", "samples\GitStatus.ConsoleApp\GitStatus.ConsoleApp.csproj", "{BE045971-4CE8-4C59-BAEB-0BF3A42A9C0A}"
EndProject
Project("{D954291E-2A0B-460D-934E-DC6B0785DB48}") = "GitStatus.Shared", "samples\GitStatus.Shared\GitStatus.Shared.shproj", "{EE691483-A8A2-4071-9C75-E70F0250E5D2}"
EndProject
Project("{2150E333-8FDC-42A3-9474-1A3956D46DE8}") = "Web", "Web", "{6DE141A9-EDFE-464D-BB27-2CFB182118AD}"
EndProject
Project("{9A19103F-16F7-4668-BE54-9A1E7A4F7556}") = "GitHubApiStatus.Extensions", "src\GitHubApiStatus.Extensions\GitHubApiStatus.Extensions.csproj", "{AE935942-772A-4A9D-A1E1-2BC99D41F4C9}"
EndProject
Project("{9A19103F-16F7-4668-BE54-9A1E7A4F7556}") = "GitStatus.Web", "samples\GitStatus.Web\GitStatus.Web.csproj", "{A5FF2946-AE9A-4FE4-8650-75719BA23D5B}"
EndProject
Project("{2150E333-8FDC-42A3-9474-1A3956D46DE8}") = "Tests", "Tests", "{AF841AED-C887-4B39-868A-02242D30780B}"
EndProject
Project("{9A19103F-16F7-4668-BE54-9A1E7A4F7556}") = "GitHubApiStatus.Extensions.UnitTests", "src\GitHubApiStatus.Extensions.UnitTests\GitHubApiStatus.Extensions.UnitTests.csproj", "{70DBA7CC-2319-4B3F-8F83-97B3368AC890}"
EndProject
Project("{9A19103F-16F7-4668-BE54-9A1E7A4F7556}") = "GitStatus.API", "samples\GitStatus.API\GitStatus.API.csproj", "{96EB4C30-7336-4DAE-9A8B-A57EA0C2AC09}"
EndProject
Project("{2150E333-8FDC-42A3-9474-1A3956D46DE8}") = "Solution Items", "Solution Items", "{B44C7665-4B99-46F0-B4B3-813E9E7FE577}"
	ProjectSection(SolutionItems) = preProject
		.editorconfig = .editorconfig
		Directory.Build.props = Directory.Build.props
		global.json = global.json
	EndProjectSection
EndProject
Project("{9A19103F-16F7-4668-BE54-9A1E7A4F7556}") = "GitStatus.Mobile", "samples\GitStatus.Mobile\GitStatus.Mobile.csproj", "{F6B5ED4D-EEF5-46AC-94CA-064D292B0E00}"
EndProject
Global
	GlobalSection(SolutionConfigurationPlatforms) = preSolution
		Debug|Any CPU = Debug|Any CPU
		Debug|iPhone = Debug|iPhone
		Debug|iPhoneSimulator = Debug|iPhoneSimulator
		Release|Any CPU = Release|Any CPU
		Release|iPhone = Release|iPhone
		Release|iPhoneSimulator = Release|iPhoneSimulator
	EndGlobalSection
	GlobalSection(ProjectConfigurationPlatforms) = postSolution
		{81D2DA42-62DB-418D-ADF2-3B5A1D0EB71A}.Debug|Any CPU.ActiveCfg = Debug|Any CPU
		{81D2DA42-62DB-418D-ADF2-3B5A1D0EB71A}.Debug|Any CPU.Build.0 = Debug|Any CPU
		{81D2DA42-62DB-418D-ADF2-3B5A1D0EB71A}.Debug|iPhone.ActiveCfg = Debug|Any CPU
		{81D2DA42-62DB-418D-ADF2-3B5A1D0EB71A}.Debug|iPhone.Build.0 = Debug|Any CPU
		{81D2DA42-62DB-418D-ADF2-3B5A1D0EB71A}.Debug|iPhoneSimulator.ActiveCfg = Debug|Any CPU
		{81D2DA42-62DB-418D-ADF2-3B5A1D0EB71A}.Debug|iPhoneSimulator.Build.0 = Debug|Any CPU
		{81D2DA42-62DB-418D-ADF2-3B5A1D0EB71A}.Release|Any CPU.ActiveCfg = Release|Any CPU
		{81D2DA42-62DB-418D-ADF2-3B5A1D0EB71A}.Release|Any CPU.Build.0 = Release|Any CPU
		{81D2DA42-62DB-418D-ADF2-3B5A1D0EB71A}.Release|iPhone.ActiveCfg = Release|Any CPU
		{81D2DA42-62DB-418D-ADF2-3B5A1D0EB71A}.Release|iPhone.Build.0 = Release|Any CPU
		{81D2DA42-62DB-418D-ADF2-3B5A1D0EB71A}.Release|iPhoneSimulator.ActiveCfg = Release|Any CPU
		{81D2DA42-62DB-418D-ADF2-3B5A1D0EB71A}.Release|iPhoneSimulator.Build.0 = Release|Any CPU
		{9A30833A-01C9-44ED-B8E2-032A4846574F}.Debug|Any CPU.ActiveCfg = Debug|Any CPU
		{9A30833A-01C9-44ED-B8E2-032A4846574F}.Debug|Any CPU.Build.0 = Debug|Any CPU
		{9A30833A-01C9-44ED-B8E2-032A4846574F}.Debug|iPhone.ActiveCfg = Debug|Any CPU
		{9A30833A-01C9-44ED-B8E2-032A4846574F}.Debug|iPhone.Build.0 = Debug|Any CPU
		{9A30833A-01C9-44ED-B8E2-032A4846574F}.Debug|iPhoneSimulator.ActiveCfg = Debug|Any CPU
		{9A30833A-01C9-44ED-B8E2-032A4846574F}.Debug|iPhoneSimulator.Build.0 = Debug|Any CPU
		{9A30833A-01C9-44ED-B8E2-032A4846574F}.Release|Any CPU.ActiveCfg = Release|Any CPU
		{9A30833A-01C9-44ED-B8E2-032A4846574F}.Release|Any CPU.Build.0 = Release|Any CPU
		{9A30833A-01C9-44ED-B8E2-032A4846574F}.Release|iPhone.ActiveCfg = Release|Any CPU
		{9A30833A-01C9-44ED-B8E2-032A4846574F}.Release|iPhone.Build.0 = Release|Any CPU
		{9A30833A-01C9-44ED-B8E2-032A4846574F}.Release|iPhoneSimulator.ActiveCfg = Release|Any CPU
		{9A30833A-01C9-44ED-B8E2-032A4846574F}.Release|iPhoneSimulator.Build.0 = Release|Any CPU
		{BE045971-4CE8-4C59-BAEB-0BF3A42A9C0A}.Debug|Any CPU.ActiveCfg = Debug|Any CPU
		{BE045971-4CE8-4C59-BAEB-0BF3A42A9C0A}.Debug|Any CPU.Build.0 = Debug|Any CPU
		{BE045971-4CE8-4C59-BAEB-0BF3A42A9C0A}.Debug|iPhone.ActiveCfg = Debug|Any CPU
		{BE045971-4CE8-4C59-BAEB-0BF3A42A9C0A}.Debug|iPhone.Build.0 = Debug|Any CPU
		{BE045971-4CE8-4C59-BAEB-0BF3A42A9C0A}.Debug|iPhoneSimulator.ActiveCfg = Debug|Any CPU
		{BE045971-4CE8-4C59-BAEB-0BF3A42A9C0A}.Debug|iPhoneSimulator.Build.0 = Debug|Any CPU
		{BE045971-4CE8-4C59-BAEB-0BF3A42A9C0A}.Release|Any CPU.ActiveCfg = Release|Any CPU
		{BE045971-4CE8-4C59-BAEB-0BF3A42A9C0A}.Release|Any CPU.Build.0 = Release|Any CPU
		{BE045971-4CE8-4C59-BAEB-0BF3A42A9C0A}.Release|iPhone.ActiveCfg = Release|Any CPU
		{BE045971-4CE8-4C59-BAEB-0BF3A42A9C0A}.Release|iPhone.Build.0 = Release|Any CPU
		{BE045971-4CE8-4C59-BAEB-0BF3A42A9C0A}.Release|iPhoneSimulator.ActiveCfg = Release|Any CPU
		{BE045971-4CE8-4C59-BAEB-0BF3A42A9C0A}.Release|iPhoneSimulator.Build.0 = Release|Any CPU
		{AE935942-772A-4A9D-A1E1-2BC99D41F4C9}.Debug|Any CPU.ActiveCfg = Debug|Any CPU
		{AE935942-772A-4A9D-A1E1-2BC99D41F4C9}.Debug|Any CPU.Build.0 = Debug|Any CPU
		{AE935942-772A-4A9D-A1E1-2BC99D41F4C9}.Debug|iPhone.ActiveCfg = Debug|Any CPU
		{AE935942-772A-4A9D-A1E1-2BC99D41F4C9}.Debug|iPhone.Build.0 = Debug|Any CPU
		{AE935942-772A-4A9D-A1E1-2BC99D41F4C9}.Debug|iPhoneSimulator.ActiveCfg = Debug|Any CPU
		{AE935942-772A-4A9D-A1E1-2BC99D41F4C9}.Debug|iPhoneSimulator.Build.0 = Debug|Any CPU
		{AE935942-772A-4A9D-A1E1-2BC99D41F4C9}.Release|Any CPU.ActiveCfg = Release|Any CPU
		{AE935942-772A-4A9D-A1E1-2BC99D41F4C9}.Release|Any CPU.Build.0 = Release|Any CPU
		{AE935942-772A-4A9D-A1E1-2BC99D41F4C9}.Release|iPhone.ActiveCfg = Release|Any CPU
		{AE935942-772A-4A9D-A1E1-2BC99D41F4C9}.Release|iPhone.Build.0 = Release|Any CPU
		{AE935942-772A-4A9D-A1E1-2BC99D41F4C9}.Release|iPhoneSimulator.ActiveCfg = Release|Any CPU
		{AE935942-772A-4A9D-A1E1-2BC99D41F4C9}.Release|iPhoneSimulator.Build.0 = Release|Any CPU
		{A5FF2946-AE9A-4FE4-8650-75719BA23D5B}.Debug|Any CPU.ActiveCfg = Debug|Any CPU
		{A5FF2946-AE9A-4FE4-8650-75719BA23D5B}.Debug|Any CPU.Build.0 = Debug|Any CPU
		{A5FF2946-AE9A-4FE4-8650-75719BA23D5B}.Debug|iPhone.ActiveCfg = Debug|Any CPU
		{A5FF2946-AE9A-4FE4-8650-75719BA23D5B}.Debug|iPhone.Build.0 = Debug|Any CPU
		{A5FF2946-AE9A-4FE4-8650-75719BA23D5B}.Debug|iPhoneSimulator.ActiveCfg = Debug|Any CPU
		{A5FF2946-AE9A-4FE4-8650-75719BA23D5B}.Debug|iPhoneSimulator.Build.0 = Debug|Any CPU
		{A5FF2946-AE9A-4FE4-8650-75719BA23D5B}.Release|Any CPU.ActiveCfg = Release|Any CPU
		{A5FF2946-AE9A-4FE4-8650-75719BA23D5B}.Release|Any CPU.Build.0 = Release|Any CPU
		{A5FF2946-AE9A-4FE4-8650-75719BA23D5B}.Release|iPhone.ActiveCfg = Release|Any CPU
		{A5FF2946-AE9A-4FE4-8650-75719BA23D5B}.Release|iPhone.Build.0 = Release|Any CPU
		{A5FF2946-AE9A-4FE4-8650-75719BA23D5B}.Release|iPhoneSimulator.ActiveCfg = Release|Any CPU
		{A5FF2946-AE9A-4FE4-8650-75719BA23D5B}.Release|iPhoneSimulator.Build.0 = Release|Any CPU
		{70DBA7CC-2319-4B3F-8F83-97B3368AC890}.Debug|Any CPU.ActiveCfg = Debug|Any CPU
		{70DBA7CC-2319-4B3F-8F83-97B3368AC890}.Debug|Any CPU.Build.0 = Debug|Any CPU
		{70DBA7CC-2319-4B3F-8F83-97B3368AC890}.Debug|iPhone.ActiveCfg = Debug|Any CPU
		{70DBA7CC-2319-4B3F-8F83-97B3368AC890}.Debug|iPhone.Build.0 = Debug|Any CPU
		{70DBA7CC-2319-4B3F-8F83-97B3368AC890}.Debug|iPhoneSimulator.ActiveCfg = Debug|Any CPU
		{70DBA7CC-2319-4B3F-8F83-97B3368AC890}.Debug|iPhoneSimulator.Build.0 = Debug|Any CPU
		{70DBA7CC-2319-4B3F-8F83-97B3368AC890}.Release|Any CPU.ActiveCfg = Release|Any CPU
		{70DBA7CC-2319-4B3F-8F83-97B3368AC890}.Release|Any CPU.Build.0 = Release|Any CPU
		{70DBA7CC-2319-4B3F-8F83-97B3368AC890}.Release|iPhone.ActiveCfg = Release|Any CPU
		{70DBA7CC-2319-4B3F-8F83-97B3368AC890}.Release|iPhone.Build.0 = Release|Any CPU
		{70DBA7CC-2319-4B3F-8F83-97B3368AC890}.Release|iPhoneSimulator.ActiveCfg = Release|Any CPU
		{70DBA7CC-2319-4B3F-8F83-97B3368AC890}.Release|iPhoneSimulator.Build.0 = Release|Any CPU
		{96EB4C30-7336-4DAE-9A8B-A57EA0C2AC09}.Debug|Any CPU.ActiveCfg = Debug|Any CPU
		{96EB4C30-7336-4DAE-9A8B-A57EA0C2AC09}.Debug|Any CPU.Build.0 = Debug|Any CPU
		{96EB4C30-7336-4DAE-9A8B-A57EA0C2AC09}.Debug|iPhone.ActiveCfg = Debug|Any CPU
		{96EB4C30-7336-4DAE-9A8B-A57EA0C2AC09}.Debug|iPhone.Build.0 = Debug|Any CPU
		{96EB4C30-7336-4DAE-9A8B-A57EA0C2AC09}.Debug|iPhoneSimulator.ActiveCfg = Debug|Any CPU
		{96EB4C30-7336-4DAE-9A8B-A57EA0C2AC09}.Debug|iPhoneSimulator.Build.0 = Debug|Any CPU
		{96EB4C30-7336-4DAE-9A8B-A57EA0C2AC09}.Release|Any CPU.ActiveCfg = Release|Any CPU
		{96EB4C30-7336-4DAE-9A8B-A57EA0C2AC09}.Release|Any CPU.Build.0 = Release|Any CPU
		{96EB4C30-7336-4DAE-9A8B-A57EA0C2AC09}.Release|iPhone.ActiveCfg = Release|Any CPU
		{96EB4C30-7336-4DAE-9A8B-A57EA0C2AC09}.Release|iPhone.Build.0 = Release|Any CPU
		{96EB4C30-7336-4DAE-9A8B-A57EA0C2AC09}.Release|iPhoneSimulator.ActiveCfg = Release|Any CPU
		{96EB4C30-7336-4DAE-9A8B-A57EA0C2AC09}.Release|iPhoneSimulator.Build.0 = Release|Any CPU
		{F6B5ED4D-EEF5-46AC-94CA-064D292B0E00}.Debug|Any CPU.ActiveCfg = Debug|Any CPU
		{F6B5ED4D-EEF5-46AC-94CA-064D292B0E00}.Debug|Any CPU.Build.0 = Debug|Any CPU
		{F6B5ED4D-EEF5-46AC-94CA-064D292B0E00}.Debug|iPhone.ActiveCfg = Debug|Any CPU
		{F6B5ED4D-EEF5-46AC-94CA-064D292B0E00}.Debug|iPhone.Build.0 = Debug|Any CPU
		{F6B5ED4D-EEF5-46AC-94CA-064D292B0E00}.Debug|iPhoneSimulator.ActiveCfg = Debug|Any CPU
		{F6B5ED4D-EEF5-46AC-94CA-064D292B0E00}.Debug|iPhoneSimulator.Build.0 = Debug|Any CPU
		{F6B5ED4D-EEF5-46AC-94CA-064D292B0E00}.Release|Any CPU.ActiveCfg = Release|Any CPU
		{F6B5ED4D-EEF5-46AC-94CA-064D292B0E00}.Release|Any CPU.Build.0 = Release|Any CPU
		{F6B5ED4D-EEF5-46AC-94CA-064D292B0E00}.Release|iPhone.ActiveCfg = Release|Any CPU
		{F6B5ED4D-EEF5-46AC-94CA-064D292B0E00}.Release|iPhone.Build.0 = Release|Any CPU
		{F6B5ED4D-EEF5-46AC-94CA-064D292B0E00}.Release|iPhoneSimulator.ActiveCfg = Release|Any CPU
		{F6B5ED4D-EEF5-46AC-94CA-064D292B0E00}.Release|iPhoneSimulator.Build.0 = Release|Any CPU
	EndGlobalSection
	GlobalSection(SolutionProperties) = preSolution
		HideSolutionNode = FALSE
	EndGlobalSection
	GlobalSection(NestedProjects) = preSolution
		{9A30833A-01C9-44ED-B8E2-032A4846574F} = {AF841AED-C887-4B39-868A-02242D30780B}
		{A52818B8-0C2C-49C5-9389-D8790237ADCE} = {E2BF43DD-5550-414E-9F01-7F7E5492CCB1}
		{1D178B33-C69B-47E7-AF90-B460B34BCC37} = {E2BF43DD-5550-414E-9F01-7F7E5492CCB1}
		{BE045971-4CE8-4C59-BAEB-0BF3A42A9C0A} = {1D178B33-C69B-47E7-AF90-B460B34BCC37}
		{EE691483-A8A2-4071-9C75-E70F0250E5D2} = {E2BF43DD-5550-414E-9F01-7F7E5492CCB1}
		{6DE141A9-EDFE-464D-BB27-2CFB182118AD} = {E2BF43DD-5550-414E-9F01-7F7E5492CCB1}
		{A5FF2946-AE9A-4FE4-8650-75719BA23D5B} = {6DE141A9-EDFE-464D-BB27-2CFB182118AD}
		{70DBA7CC-2319-4B3F-8F83-97B3368AC890} = {AF841AED-C887-4B39-868A-02242D30780B}
		{96EB4C30-7336-4DAE-9A8B-A57EA0C2AC09} = {6DE141A9-EDFE-464D-BB27-2CFB182118AD}
		{F6B5ED4D-EEF5-46AC-94CA-064D292B0E00} = {A52818B8-0C2C-49C5-9389-D8790237ADCE}
	EndGlobalSection
	GlobalSection(ExtensibilityGlobals) = postSolution
		SolutionGuid = {FA599595-DE29-4C58-AE9D-3A4818A02114}
	EndGlobalSection
	GlobalSection(SharedMSBuildProjectFiles) = preSolution
		samples\GitStatus.Shared\GitStatus.Shared.projitems*{70dba7cc-2319-4b3f-8f83-97b3368ac890}*SharedItemsImports = 5
		samples\GitStatus.Shared\GitStatus.Shared.projitems*{96eb4c30-7336-4dae-9a8b-a57ea0c2ac09}*SharedItemsImports = 5
		samples\GitStatus.Shared\GitStatus.Shared.projitems*{9a30833a-01c9-44ed-b8e2-032a4846574f}*SharedItemsImports = 5
		samples\GitStatus.Shared\GitStatus.Shared.projitems*{a5ff2946-ae9a-4fe4-8650-75719ba23d5b}*SharedItemsImports = 5
		samples\GitStatus.Shared\GitStatus.Shared.projitems*{be045971-4ce8-4c59-baeb-0bf3a42a9c0a}*SharedItemsImports = 5
		samples\GitStatus.Shared\GitStatus.Shared.projitems*{ee691483-a8a2-4071-9c75-e70f0250e5d2}*SharedItemsImports = 13
		samples\GitStatus.Shared\GitStatus.Shared.projitems*{f6b5ed4d-eef5-46ac-94ca-064d292b0e00}*SharedItemsImports = 5
	EndGlobalSection
EndGlobal
