
Microsoft Visual Studio Solution File, Format Version 12.00
# Visual Studio 15
Project("{FAE04EC0-301F-11D3-BF4B-00C04F79EFBC}") = "GitStatus.Android", "GitStatus.Android\GitStatus.Android.csproj", "{0334A18B-777C-4402-9702-05EDFD401B4B}"
EndProject
Project("{FAE04EC0-301F-11D3-BF4B-00C04F79EFBC}") = "GitStatus.iOS", "GitStatus.iOS\GitStatus.iOS.csproj", "{CB1D6D22-982F-4FB1-A1AE-A871525D603B}"
EndProject
Project("{FAE04EC0-301F-11D3-BF4B-00C04F79EFBC}") = "GitStatus", "GitStatus\GitStatus.csproj", "{0066ECBE-9DFE-4C64-9A1D-937F392156AB}"
EndProject
Global
	GlobalSection(SolutionConfigurationPlatforms) = preSolution
		Debug|Any CPU = Debug|Any CPU
		Release|Any CPU = Release|Any CPU
		Debug|iPhoneSimulator = Debug|iPhoneSimulator
		Release|iPhoneSimulator = Release|iPhoneSimulator
		Debug|iPhone = Debug|iPhone
		Release|iPhone = Release|iPhone
	EndGlobalSection
	GlobalSection(ProjectConfigurationPlatforms) = postSolution
		{0334A18B-777C-4402-9702-05EDFD401B4B}.Debug|Any CPU.ActiveCfg = Debug|Any CPU
		{0334A18B-777C-4402-9702-05EDFD401B4B}.Debug|Any CPU.Build.0 = Debug|Any CPU
		{0334A18B-777C-4402-9702-05EDFD401B4B}.Release|Any CPU.ActiveCfg = Release|Any CPU
		{0334A18B-777C-4402-9702-05EDFD401B4B}.Release|Any CPU.Build.0 = Release|Any CPU
		{0334A18B-777C-4402-9702-05EDFD401B4B}.Debug|iPhoneSimulator.ActiveCfg = Debug|Any CPU
		{0334A18B-777C-4402-9702-05EDFD401B4B}.Debug|iPhoneSimulator.Build.0 = Debug|Any CPU
		{0334A18B-777C-4402-9702-05EDFD401B4B}.Release|iPhoneSimulator.ActiveCfg = Release|Any CPU
		{0334A18B-777C-4402-9702-05EDFD401B4B}.Release|iPhoneSimulator.Build.0 = Release|Any CPU
		{0334A18B-777C-4402-9702-05EDFD401B4B}.Debug|iPhone.ActiveCfg = Debug|Any CPU
		{0334A18B-777C-4402-9702-05EDFD401B4B}.Debug|iPhone.Build.0 = Debug|Any CPU
		{0334A18B-777C-4402-9702-05EDFD401B4B}.Release|iPhone.ActiveCfg = Release|Any CPU
		{0334A18B-777C-4402-9702-05EDFD401B4B}.Release|iPhone.Build.0 = Release|Any CPU
		{CB1D6D22-982F-4FB1-A1AE-A871525D603B}.Debug|Any CPU.ActiveCfg = Debug|iPhoneSimulator
		{CB1D6D22-982F-4FB1-A1AE-A871525D603B}.Debug|Any CPU.Build.0 = Debug|iPhoneSimulator
		{CB1D6D22-982F-4FB1-A1AE-A871525D603B}.Release|Any CPU.ActiveCfg = Release|iPhoneSimulator
		{CB1D6D22-982F-4FB1-A1AE-A871525D603B}.Release|Any CPU.Build.0 = Release|iPhoneSimulator
		{CB1D6D22-982F-4FB1-A1AE-A871525D603B}.Debug|iPhoneSimulator.ActiveCfg = Debug|iPhoneSimulator
		{CB1D6D22-982F-4FB1-A1AE-A871525D603B}.Debug|iPhoneSimulator.Build.0 = Debug|iPhoneSimulator
		{CB1D6D22-982F-4FB1-A1AE-A871525D603B}.Release|iPhoneSimulator.ActiveCfg = Release|iPhoneSimulator
		{CB1D6D22-982F-4FB1-A1AE-A871525D603B}.Release|iPhoneSimulator.Build.0 = Release|iPhoneSimulator
		{CB1D6D22-982F-4FB1-A1AE-A871525D603B}.Debug|iPhone.ActiveCfg = Debug|iPhone
		{CB1D6D22-982F-4FB1-A1AE-A871525D603B}.Debug|iPhone.Build.0 = Debug|iPhone
		{CB1D6D22-982F-4FB1-A1AE-A871525D603B}.Release|iPhone.ActiveCfg = Release|iPhone
		{CB1D6D22-982F-4FB1-A1AE-A871525D603B}.Release|iPhone.Build.0 = Release|iPhone
		{0066ECBE-9DFE-4C64-9A1D-937F392156AB}.Debug|Any CPU.ActiveCfg = Debug|Any CPU
		{0066ECBE-9DFE-4C64-9A1D-937F392156AB}.Debug|Any CPU.Build.0 = Debug|Any CPU
		{0066ECBE-9DFE-4C64-9A1D-937F392156AB}.Release|Any CPU.ActiveCfg = Release|Any CPU
		{0066ECBE-9DFE-4C64-9A1D-937F392156AB}.Release|Any CPU.Build.0 = Release|Any CPU
		{0066ECBE-9DFE-4C64-9A1D-937F392156AB}.Debug|iPhoneSimulator.ActiveCfg = Debug|Any CPU
		{0066ECBE-9DFE-4C64-9A1D-937F392156AB}.Debug|iPhoneSimulator.Build.0 = Debug|Any CPU
		{0066ECBE-9DFE-4C64-9A1D-937F392156AB}.Release|iPhoneSimulator.ActiveCfg = Release|Any CPU
		{0066ECBE-9DFE-4C64-9A1D-937F392156AB}.Release|iPhoneSimulator.Build.0 = Release|Any CPU
		{0066ECBE-9DFE-4C64-9A1D-937F392156AB}.Debug|iPhone.ActiveCfg = Debug|Any CPU
		{0066ECBE-9DFE-4C64-9A1D-937F392156AB}.Debug|iPhone.Build.0 = Debug|Any CPU
		{0066ECBE-9DFE-4C64-9A1D-937F392156AB}.Release|iPhone.ActiveCfg = Release|Any CPU
		{0066ECBE-9DFE-4C64-9A1D-937F392156AB}.Release|iPhone.Build.0 = Release|Any CPU
	EndGlobalSection
EndGlobal
