
Microsoft Visual Studio Solution File, Format Version 12.00
# Visual Studio 15
Project("{FAE04EC0-301F-11D3-BF4B-00C04F79EFBC}") = "GitStatus.Android", "GitStatus.Android\GitStatus.Android.csproj", "{0334A18B-777C-4402-9702-05EDFD401B4B}"
EndProject
Project("{FAE04EC0-301F-11D3-BF4B-00C04F79EFBC}") = "GitStatus.iOS", "GitStatus.iOS\GitStatus.iOS.csproj", "{CB1D6D22-982F-4FB1-A1AE-A871525D603B}"
EndProject
Project("{2150E333-8FDC-42A3-9474-1A3956D46DE8}") = "Sample", "Sample", "{E2BF43DD-5550-414E-9F01-7F7E5492CCB1}"
EndProject
Project("{FAE04EC0-301F-11D3-BF4B-00C04F79EFBC}") = "GitHubApiStatus", "GitHubApiStatus\GitHubApiStatus.csproj", "{81D2DA42-62DB-418D-ADF2-3B5A1D0EB71A}"
EndProject
Project("{FAE04EC0-301F-11D3-BF4B-00C04F79EFBC}") = "GitStatus", "GitStatus\GitStatus.csproj", "{68FAA00B-AD9E-458D-9083-C7563592CD00}"
EndProject
Project("{FAE04EC0-301F-11D3-BF4B-00C04F79EFBC}") = "GitHubApiStatus.UnitTests", "GitHubApiStatus.UnitTests\GitHubApiStatus.UnitTests.csproj", "{600DCDF1-91A2-4C84-9EB4-1B8200580D65}"
EndProject
Global
	GlobalSection(SolutionConfigurationPlatforms) = preSolution
		Debug|Any CPU = Debug|Any CPU
		Release|Any CPU = Release|Any CPU
		Debug|iPhoneSimulator = Debug|iPhoneSimulator
		Release|iPhoneSimulator = Release|iPhoneSimulator
		Debug|iPhone = Debug|iPhone
		Release|iPhone = Release|iPhone
	EndGlobalSection
	GlobalSection(ProjectConfigurationPlatforms) = postSolution
		{0334A18B-777C-4402-9702-05EDFD401B4B}.Debug|Any CPU.ActiveCfg = Debug|Any CPU
		{0334A18B-777C-4402-9702-05EDFD401B4B}.Debug|Any CPU.Build.0 = Debug|Any CPU
		{0334A18B-777C-4402-9702-05EDFD401B4B}.Release|Any CPU.ActiveCfg = Release|Any CPU
		{0334A18B-777C-4402-9702-05EDFD401B4B}.Release|Any CPU.Build.0 = Release|Any CPU
		{0334A18B-777C-4402-9702-05EDFD401B4B}.Debug|iPhoneSimulator.ActiveCfg = Debug|Any CPU
		{0334A18B-777C-4402-9702-05EDFD401B4B}.Debug|iPhoneSimulator.Build.0 = Debug|Any CPU
		{0334A18B-777C-4402-9702-05EDFD401B4B}.Release|iPhoneSimulator.ActiveCfg = Release|Any CPU
		{0334A18B-777C-4402-9702-05EDFD401B4B}.Release|iPhoneSimulator.Build.0 = Release|Any CPU
		{0334A18B-777C-4402-9702-05EDFD401B4B}.Debug|iPhone.ActiveCfg = Debug|Any CPU
		{0334A18B-777C-4402-9702-05EDFD401B4B}.Debug|iPhone.Build.0 = Debug|Any CPU
		{0334A18B-777C-4402-9702-05EDFD401B4B}.Release|iPhone.ActiveCfg = Release|Any CPU
		{0334A18B-777C-4402-9702-05EDFD401B4B}.Release|iPhone.Build.0 = Release|Any CPU
		{CB1D6D22-982F-4FB1-A1AE-A871525D603B}.Debug|Any CPU.ActiveCfg = Debug|iPhoneSimulator
		{CB1D6D22-982F-4FB1-A1AE-A871525D603B}.Debug|Any CPU.Build.0 = Debug|iPhoneSimulator
		{CB1D6D22-982F-4FB1-A1AE-A871525D603B}.Release|Any CPU.ActiveCfg = Release|iPhoneSimulator
		{CB1D6D22-982F-4FB1-A1AE-A871525D603B}.Release|Any CPU.Build.0 = Release|iPhoneSimulator
		{CB1D6D22-982F-4FB1-A1AE-A871525D603B}.Debug|iPhoneSimulator.ActiveCfg = Debug|iPhoneSimulator
		{CB1D6D22-982F-4FB1-A1AE-A871525D603B}.Debug|iPhoneSimulator.Build.0 = Debug|iPhoneSimulator
		{CB1D6D22-982F-4FB1-A1AE-A871525D603B}.Release|iPhoneSimulator.ActiveCfg = Release|iPhoneSimulator
		{CB1D6D22-982F-4FB1-A1AE-A871525D603B}.Release|iPhoneSimulator.Build.0 = Release|iPhoneSimulator
		{CB1D6D22-982F-4FB1-A1AE-A871525D603B}.Debug|iPhone.ActiveCfg = Debug|iPhone
		{CB1D6D22-982F-4FB1-A1AE-A871525D603B}.Debug|iPhone.Build.0 = Debug|iPhone
		{CB1D6D22-982F-4FB1-A1AE-A871525D603B}.Release|iPhone.ActiveCfg = Release|iPhone
		{CB1D6D22-982F-4FB1-A1AE-A871525D603B}.Release|iPhone.Build.0 = Release|iPhone
		{81D2DA42-62DB-418D-ADF2-3B5A1D0EB71A}.Debug|Any CPU.ActiveCfg = Debug|Any CPU
		{81D2DA42-62DB-418D-ADF2-3B5A1D0EB71A}.Debug|Any CPU.Build.0 = Debug|Any CPU
		{81D2DA42-62DB-418D-ADF2-3B5A1D0EB71A}.Release|Any CPU.ActiveCfg = Release|Any CPU
		{81D2DA42-62DB-418D-ADF2-3B5A1D0EB71A}.Release|Any CPU.Build.0 = Release|Any CPU
		{81D2DA42-62DB-418D-ADF2-3B5A1D0EB71A}.Debug|iPhoneSimulator.ActiveCfg = Debug|Any CPU
		{81D2DA42-62DB-418D-ADF2-3B5A1D0EB71A}.Debug|iPhoneSimulator.Build.0 = Debug|Any CPU
		{81D2DA42-62DB-418D-ADF2-3B5A1D0EB71A}.Release|iPhoneSimulator.ActiveCfg = Release|Any CPU
		{81D2DA42-62DB-418D-ADF2-3B5A1D0EB71A}.Release|iPhoneSimulator.Build.0 = Release|Any CPU
		{81D2DA42-62DB-418D-ADF2-3B5A1D0EB71A}.Debug|iPhone.ActiveCfg = Debug|Any CPU
		{81D2DA42-62DB-418D-ADF2-3B5A1D0EB71A}.Debug|iPhone.Build.0 = Debug|Any CPU
		{81D2DA42-62DB-418D-ADF2-3B5A1D0EB71A}.Release|iPhone.ActiveCfg = Release|Any CPU
		{81D2DA42-62DB-418D-ADF2-3B5A1D0EB71A}.Release|iPhone.Build.0 = Release|Any CPU
		{68FAA00B-AD9E-458D-9083-C7563592CD00}.Debug|Any CPU.ActiveCfg = Debug|Any CPU
		{68FAA00B-AD9E-458D-9083-C7563592CD00}.Debug|Any CPU.Build.0 = Debug|Any CPU
		{68FAA00B-AD9E-458D-9083-C7563592CD00}.Release|Any CPU.ActiveCfg = Release|Any CPU
		{68FAA00B-AD9E-458D-9083-C7563592CD00}.Release|Any CPU.Build.0 = Release|Any CPU
		{68FAA00B-AD9E-458D-9083-C7563592CD00}.Debug|iPhoneSimulator.ActiveCfg = Debug|Any CPU
		{68FAA00B-AD9E-458D-9083-C7563592CD00}.Debug|iPhoneSimulator.Build.0 = Debug|Any CPU
		{68FAA00B-AD9E-458D-9083-C7563592CD00}.Release|iPhoneSimulator.ActiveCfg = Release|Any CPU
		{68FAA00B-AD9E-458D-9083-C7563592CD00}.Release|iPhoneSimulator.Build.0 = Release|Any CPU
		{68FAA00B-AD9E-458D-9083-C7563592CD00}.Debug|iPhone.ActiveCfg = Debug|Any CPU
		{68FAA00B-AD9E-458D-9083-C7563592CD00}.Debug|iPhone.Build.0 = Debug|Any CPU
		{68FAA00B-AD9E-458D-9083-C7563592CD00}.Release|iPhone.ActiveCfg = Release|Any CPU
		{68FAA00B-AD9E-458D-9083-C7563592CD00}.Release|iPhone.Build.0 = Release|Any CPU
		{600DCDF1-91A2-4C84-9EB4-1B8200580D65}.Debug|Any CPU.ActiveCfg = Debug|Any CPU
		{600DCDF1-91A2-4C84-9EB4-1B8200580D65}.Debug|Any CPU.Build.0 = Debug|Any CPU
		{600DCDF1-91A2-4C84-9EB4-1B8200580D65}.Release|Any CPU.ActiveCfg = Release|Any CPU
		{600DCDF1-91A2-4C84-9EB4-1B8200580D65}.Release|Any CPU.Build.0 = Release|Any CPU
		{600DCDF1-91A2-4C84-9EB4-1B8200580D65}.Debug|iPhoneSimulator.ActiveCfg = Debug|Any CPU
		{600DCDF1-91A2-4C84-9EB4-1B8200580D65}.Debug|iPhoneSimulator.Build.0 = Debug|Any CPU
		{600DCDF1-91A2-4C84-9EB4-1B8200580D65}.Release|iPhoneSimulator.ActiveCfg = Release|Any CPU
		{600DCDF1-91A2-4C84-9EB4-1B8200580D65}.Release|iPhoneSimulator.Build.0 = Release|Any CPU
		{600DCDF1-91A2-4C84-9EB4-1B8200580D65}.Debug|iPhone.ActiveCfg = Debug|Any CPU
		{600DCDF1-91A2-4C84-9EB4-1B8200580D65}.Debug|iPhone.Build.0 = Debug|Any CPU
		{600DCDF1-91A2-4C84-9EB4-1B8200580D65}.Release|iPhone.ActiveCfg = Release|Any CPU
		{600DCDF1-91A2-4C84-9EB4-1B8200580D65}.Release|iPhone.Build.0 = Release|Any CPU
	EndGlobalSection
	GlobalSection(NestedProjects) = preSolution
		{0334A18B-777C-4402-9702-05EDFD401B4B} = {E2BF43DD-5550-414E-9F01-7F7E5492CCB1}
		{CB1D6D22-982F-4FB1-A1AE-A871525D603B} = {E2BF43DD-5550-414E-9F01-7F7E5492CCB1}
		{68FAA00B-AD9E-458D-9083-C7563592CD00} = {E2BF43DD-5550-414E-9F01-7F7E5492CCB1}
	EndGlobalSection
EndGlobal
