
Microsoft Visual Studio Solution File, Format Version 12.00
# Visual Studio 15
Project("{FAE04EC0-301F-11D3-BF4B-00C04F79EFBC}") = "GitStatus.iOS", "GitStatus.iOS\GitStatus.iOS.csproj", "{CB1D6D22-982F-4FB1-A1AE-A871525D603B}"
EndProject
Project("{2150E333-8FDC-42A3-9474-1A3956D46DE8}") = "Sample", "Sample", "{E2BF43DD-5550-414E-9F01-7F7E5492CCB1}"
EndProject
Project("{FAE04EC0-301F-11D3-BF4B-00C04F79EFBC}") = "GitHubApiStatus", "GitHubApiStatus\GitHubApiStatus.csproj", "{81D2DA42-62DB-418D-ADF2-3B5A1D0EB71A}"
EndProject
Project("{9344BDBB-3E7F-41FC-A0DD-8665D75EE146}") = "GitStatus.Android", "GitStatus.Android\GitStatus.Android.csproj", "{09B83FF3-2630-40B8-88A9-EFEE9C3DD851}"
EndProject
Project("{9344BDBB-3E7F-41FC-A0DD-8665D75EE146}") = "GitStatus", "GitStatus\GitStatus.csproj", "{6B19FDF5-8384-4F8D-838C-EB0C3F3F1EB4}"
EndProject
Project("{FAE04EC0-301F-11D3-BF4B-00C04F79EFBC}") = "GitHubApiStatus.UnitTests", "GitHubApiStatus.UnitTests\GitHubApiStatus.UnitTests.csproj", "{9A30833A-01C9-44ED-B8E2-032A4846574F}"
EndProject
Global
	GlobalSection(SolutionConfigurationPlatforms) = preSolution
		Debug|Any CPU = Debug|Any CPU
		Release|Any CPU = Release|Any CPU
		Debug|iPhoneSimulator = Debug|iPhoneSimulator
		Release|iPhoneSimulator = Release|iPhoneSimulator
		Debug|iPhone = Debug|iPhone
		Release|iPhone = Release|iPhone
	EndGlobalSection
	GlobalSection(ProjectConfigurationPlatforms) = postSolution
		{CB1D6D22-982F-4FB1-A1AE-A871525D603B}.Debug|Any CPU.ActiveCfg = Debug|iPhoneSimulator
		{CB1D6D22-982F-4FB1-A1AE-A871525D603B}.Debug|Any CPU.Build.0 = Debug|iPhoneSimulator
		{CB1D6D22-982F-4FB1-A1AE-A871525D603B}.Release|Any CPU.ActiveCfg = Release|iPhoneSimulator
		{CB1D6D22-982F-4FB1-A1AE-A871525D603B}.Release|Any CPU.Build.0 = Release|iPhoneSimulator
		{CB1D6D22-982F-4FB1-A1AE-A871525D603B}.Debug|iPhoneSimulator.ActiveCfg = Debug|iPhoneSimulator
		{CB1D6D22-982F-4FB1-A1AE-A871525D603B}.Debug|iPhoneSimulator.Build.0 = Debug|iPhoneSimulator
		{CB1D6D22-982F-4FB1-A1AE-A871525D603B}.Release|iPhoneSimulator.ActiveCfg = Release|iPhoneSimulator
		{CB1D6D22-982F-4FB1-A1AE-A871525D603B}.Release|iPhoneSimulator.Build.0 = Release|iPhoneSimulator
		{CB1D6D22-982F-4FB1-A1AE-A871525D603B}.Debug|iPhone.ActiveCfg = Debug|iPhone
		{CB1D6D22-982F-4FB1-A1AE-A871525D603B}.Debug|iPhone.Build.0 = Debug|iPhone
		{CB1D6D22-982F-4FB1-A1AE-A871525D603B}.Release|iPhone.ActiveCfg = Release|iPhone
		{CB1D6D22-982F-4FB1-A1AE-A871525D603B}.Release|iPhone.Build.0 = Release|iPhone
		{81D2DA42-62DB-418D-ADF2-3B5A1D0EB71A}.Debug|Any CPU.ActiveCfg = Debug|Any CPU
		{81D2DA42-62DB-418D-ADF2-3B5A1D0EB71A}.Debug|Any CPU.Build.0 = Debug|Any CPU
		{81D2DA42-62DB-418D-ADF2-3B5A1D0EB71A}.Release|Any CPU.ActiveCfg = Release|Any CPU
		{81D2DA42-62DB-418D-ADF2-3B5A1D0EB71A}.Release|Any CPU.Build.0 = Release|Any CPU
		{81D2DA42-62DB-418D-ADF2-3B5A1D0EB71A}.Debug|iPhoneSimulator.ActiveCfg = Debug|Any CPU
		{81D2DA42-62DB-418D-ADF2-3B5A1D0EB71A}.Debug|iPhoneSimulator.Build.0 = Debug|Any CPU
		{81D2DA42-62DB-418D-ADF2-3B5A1D0EB71A}.Release|iPhoneSimulator.ActiveCfg = Release|Any CPU
		{81D2DA42-62DB-418D-ADF2-3B5A1D0EB71A}.Release|iPhoneSimulator.Build.0 = Release|Any CPU
		{81D2DA42-62DB-418D-ADF2-3B5A1D0EB71A}.Debug|iPhone.ActiveCfg = Debug|Any CPU
		{81D2DA42-62DB-418D-ADF2-3B5A1D0EB71A}.Debug|iPhone.Build.0 = Debug|Any CPU
		{81D2DA42-62DB-418D-ADF2-3B5A1D0EB71A}.Release|iPhone.ActiveCfg = Release|Any CPU
		{81D2DA42-62DB-418D-ADF2-3B5A1D0EB71A}.Release|iPhone.Build.0 = Release|Any CPU
		{09B83FF3-2630-40B8-88A9-EFEE9C3DD851}.Debug|Any CPU.ActiveCfg = Debug|Any CPU
		{09B83FF3-2630-40B8-88A9-EFEE9C3DD851}.Debug|Any CPU.Build.0 = Debug|Any CPU
		{09B83FF3-2630-40B8-88A9-EFEE9C3DD851}.Release|Any CPU.ActiveCfg = Release|Any CPU
		{09B83FF3-2630-40B8-88A9-EFEE9C3DD851}.Release|Any CPU.Build.0 = Release|Any CPU
		{09B83FF3-2630-40B8-88A9-EFEE9C3DD851}.Debug|iPhoneSimulator.ActiveCfg = Debug|Any CPU
		{09B83FF3-2630-40B8-88A9-EFEE9C3DD851}.Debug|iPhoneSimulator.Build.0 = Debug|Any CPU
		{09B83FF3-2630-40B8-88A9-EFEE9C3DD851}.Release|iPhoneSimulator.ActiveCfg = Release|Any CPU
		{09B83FF3-2630-40B8-88A9-EFEE9C3DD851}.Release|iPhoneSimulator.Build.0 = Release|Any CPU
		{09B83FF3-2630-40B8-88A9-EFEE9C3DD851}.Debug|iPhone.ActiveCfg = Debug|Any CPU
		{09B83FF3-2630-40B8-88A9-EFEE9C3DD851}.Debug|iPhone.Build.0 = Debug|Any CPU
		{09B83FF3-2630-40B8-88A9-EFEE9C3DD851}.Release|iPhone.ActiveCfg = Release|Any CPU
		{09B83FF3-2630-40B8-88A9-EFEE9C3DD851}.Release|iPhone.Build.0 = Release|Any CPU
		{6B19FDF5-8384-4F8D-838C-EB0C3F3F1EB4}.Debug|Any CPU.ActiveCfg = Debug|Any CPU
		{6B19FDF5-8384-4F8D-838C-EB0C3F3F1EB4}.Debug|Any CPU.Build.0 = Debug|Any CPU
		{6B19FDF5-8384-4F8D-838C-EB0C3F3F1EB4}.Release|Any CPU.ActiveCfg = Release|Any CPU
		{6B19FDF5-8384-4F8D-838C-EB0C3F3F1EB4}.Release|Any CPU.Build.0 = Release|Any CPU
		{6B19FDF5-8384-4F8D-838C-EB0C3F3F1EB4}.Debug|iPhoneSimulator.ActiveCfg = Debug|Any CPU
		{6B19FDF5-8384-4F8D-838C-EB0C3F3F1EB4}.Debug|iPhoneSimulator.Build.0 = Debug|Any CPU
		{6B19FDF5-8384-4F8D-838C-EB0C3F3F1EB4}.Release|iPhoneSimulator.ActiveCfg = Release|Any CPU
		{6B19FDF5-8384-4F8D-838C-EB0C3F3F1EB4}.Release|iPhoneSimulator.Build.0 = Release|Any CPU
		{6B19FDF5-8384-4F8D-838C-EB0C3F3F1EB4}.Debug|iPhone.ActiveCfg = Debug|Any CPU
		{6B19FDF5-8384-4F8D-838C-EB0C3F3F1EB4}.Debug|iPhone.Build.0 = Debug|Any CPU
		{6B19FDF5-8384-4F8D-838C-EB0C3F3F1EB4}.Release|iPhone.ActiveCfg = Release|Any CPU
		{6B19FDF5-8384-4F8D-838C-EB0C3F3F1EB4}.Release|iPhone.Build.0 = Release|Any CPU
		{9A30833A-01C9-44ED-B8E2-032A4846574F}.Debug|Any CPU.ActiveCfg = Debug|Any CPU
		{9A30833A-01C9-44ED-B8E2-032A4846574F}.Debug|Any CPU.Build.0 = Debug|Any CPU
		{9A30833A-01C9-44ED-B8E2-032A4846574F}.Release|Any CPU.ActiveCfg = Release|Any CPU
		{9A30833A-01C9-44ED-B8E2-032A4846574F}.Release|Any CPU.Build.0 = Release|Any CPU
		{9A30833A-01C9-44ED-B8E2-032A4846574F}.Debug|iPhoneSimulator.ActiveCfg = Debug|Any CPU
		{9A30833A-01C9-44ED-B8E2-032A4846574F}.Debug|iPhoneSimulator.Build.0 = Debug|Any CPU
		{9A30833A-01C9-44ED-B8E2-032A4846574F}.Release|iPhoneSimulator.ActiveCfg = Release|Any CPU
		{9A30833A-01C9-44ED-B8E2-032A4846574F}.Release|iPhoneSimulator.Build.0 = Release|Any CPU
		{9A30833A-01C9-44ED-B8E2-032A4846574F}.Debug|iPhone.ActiveCfg = Debug|Any CPU
		{9A30833A-01C9-44ED-B8E2-032A4846574F}.Debug|iPhone.Build.0 = Debug|Any CPU
		{9A30833A-01C9-44ED-B8E2-032A4846574F}.Release|iPhone.ActiveCfg = Release|Any CPU
		{9A30833A-01C9-44ED-B8E2-032A4846574F}.Release|iPhone.Build.0 = Release|Any CPU
	EndGlobalSection
	GlobalSection(NestedProjects) = preSolution
		{CB1D6D22-982F-4FB1-A1AE-A871525D603B} = {E2BF43DD-5550-414E-9F01-7F7E5492CCB1}
		{09B83FF3-2630-40B8-88A9-EFEE9C3DD851} = {E2BF43DD-5550-414E-9F01-7F7E5492CCB1}
		{6B19FDF5-8384-4F8D-838C-EB0C3F3F1EB4} = {E2BF43DD-5550-414E-9F01-7F7E5492CCB1}
	EndGlobalSection
EndGlobal
